
Microsoft Visual Studio Solution File, Format Version 12.00
# Visual Studio 15
VisualStudioVersion = 15.0.28307.136
MinimumVisualStudioVersion = 10.0.40219.1
Project("{FAE04EC0-301F-11D3-BF4B-00C04F79EFBC}") = "MYC", "MYC\MYC.csproj", "{50094DA7-3771-4628-83B9-0EC0D2E0CA63}"
EndProject
Global
	GlobalSection(SolutionConfigurationPlatforms) = preSolution
		Debug|Any CPU = Debug|Any CPU
		Release|Any CPU = Release|Any CPU
	EndGlobalSection
	GlobalSection(ProjectConfigurationPlatforms) = postSolution
		{50094DA7-3771-4628-83B9-0EC0D2E0CA63}.Debug|Any CPU.ActiveCfg = Debug|Any CPU
		{50094DA7-3771-4628-83B9-0EC0D2E0CA63}.Debug|Any CPU.Build.0 = Debug|Any CPU
		{50094DA7-3771-4628-83B9-0EC0D2E0CA63}.Release|Any CPU.ActiveCfg = Release|Any CPU
		{50094DA7-3771-4628-83B9-0EC0D2E0CA63}.Release|Any CPU.Build.0 = Release|Any CPU
	EndGlobalSection
	GlobalSection(SolutionProperties) = preSolution
		HideSolutionNode = FALSE
	EndGlobalSection
	GlobalSection(ExtensibilityGlobals) = postSolution
		SolutionGuid = {1EBDFA1D-663E-4AC6-BD87-3EB425344678}
	EndGlobalSection
EndGlobal
